
Microsoft Visual Studio Solution File, Format Version 12.00
# Visual Studio Version 16
VisualStudioVersion = 16.0.31702.278
MinimumVisualStudioVersion = 10.0.40219.1
Project("{9A19103F-16F7-4668-BE54-9A1E7A4F7556}") = "Shopping.Client", "Shopping.Client\Shopping.Client.csproj", "{D4721569-E37D-4647-8874-527410477762}"
EndProject
Project("{FAE04EC0-301F-11D3-BF4B-00C04F79EFBC}") = "Shopping.API", "Shopping.API\Shopping.API.csproj", "{6855DCD4-1C89-41E1-AA62-3B4A4570B243}"
EndProject
Project("{E53339B2-1760-4266-BCC7-CA923CBCF16C}") = "docker-compose", "docker-compose.dcproj", "{B4C53C25-C4A8-46A0-B296-E33D9C4B077C}"
EndProject
Global
	GlobalSection(SolutionConfigurationPlatforms) = preSolution
		Debug|Any CPU = Debug|Any CPU
		Release|Any CPU = Release|Any CPU
	EndGlobalSection
	GlobalSection(ProjectConfigurationPlatforms) = postSolution
		{D4721569-E37D-4647-8874-527410477762}.Debug|Any CPU.ActiveCfg = Debug|Any CPU
		{D4721569-E37D-4647-8874-527410477762}.Debug|Any CPU.Build.0 = Debug|Any CPU
		{D4721569-E37D-4647-8874-527410477762}.Release|Any CPU.ActiveCfg = Release|Any CPU
		{D4721569-E37D-4647-8874-527410477762}.Release|Any CPU.Build.0 = Release|Any CPU
		{6855DCD4-1C89-41E1-AA62-3B4A4570B243}.Debug|Any CPU.ActiveCfg = Debug|Any CPU
		{6855DCD4-1C89-41E1-AA62-3B4A4570B243}.Debug|Any CPU.Build.0 = Debug|Any CPU
		{6855DCD4-1C89-41E1-AA62-3B4A4570B243}.Release|Any CPU.ActiveCfg = Release|Any CPU
		{6855DCD4-1C89-41E1-AA62-3B4A4570B243}.Release|Any CPU.Build.0 = Release|Any CPU
		{B4C53C25-C4A8-46A0-B296-E33D9C4B077C}.Debug|Any CPU.ActiveCfg = Debug|Any CPU
		{B4C53C25-C4A8-46A0-B296-E33D9C4B077C}.Debug|Any CPU.Build.0 = Debug|Any CPU
		{B4C53C25-C4A8-46A0-B296-E33D9C4B077C}.Release|Any CPU.ActiveCfg = Release|Any CPU
		{B4C53C25-C4A8-46A0-B296-E33D9C4B077C}.Release|Any CPU.Build.0 = Release|Any CPU
	EndGlobalSection
	GlobalSection(SolutionProperties) = preSolution
		HideSolutionNode = FALSE
	EndGlobalSection
	GlobalSection(ExtensibilityGlobals) = postSolution
		SolutionGuid = {9471D33A-A11A-486C-8D98-C1B12408185D}
	EndGlobalSection
EndGlobal
